
Microsoft Visual Studio Solution File, Format Version 12.00
# Visual Studio 2012
Project("{FAE04EC0-301F-11D3-BF4B-00C04F79EFBC}") = "BlazeGames.IM.Server", "BlazeGames.IM.Server\BlazeGames.IM.Server.csproj", "{BBFE90B2-431C-4977-A1EB-8D2749F885F9}"
EndProject
Project("{FAE04EC0-301F-11D3-BF4B-00C04F79EFBC}") = "BlazeGames.IM.Client", "BlazeGames.IM.Client\BlazeGames.IM.Client.csproj", "{427ACE16-2913-4820-9DCE-3B9B1DFACD2D}"
EndProject
Project("{2150E333-8FDC-42A3-9474-1A3956D46DE8}") = "Shared", "Shared", "{F08198DA-EB98-4A4B-A160-DEBB54E92692}"
EndProject
Project("{2150E333-8FDC-42A3-9474-1A3956D46DE8}") = "BlazeGames.Networking", "BlazeGames.Networking", "{F6A04503-81C0-4F18-8CB8-B36E19554E19}"
	ProjectSection(SolutionItems) = preProject
		Shared\BlazeGames.Networking\ClientSocket.cs = Shared\BlazeGames.Networking\ClientSocket.cs
		Shared\BlazeGames.Networking\Packet.cs = Shared\BlazeGames.Networking\Packet.cs
		Shared\BlazeGames.Networking\ServerSocket.cs = Shared\BlazeGames.Networking\ServerSocket.cs
	EndProjectSection
EndProject
Project("{FAE04EC0-301F-11D3-BF4B-00C04F79EFBC}") = "BlazeGames.IM.Client.RT", "BlazeGames.IM.Client.RT\BlazeGames.IM.Client.RT.csproj", "{1CC17995-FFDE-4EA1-9E8B-6091B11797B3}"
EndProject
Project("{FAE04EC0-301F-11D3-BF4B-00C04F79EFBC}") = "BlazeGames.IM.Server.CallProxy", "BlazeGames.IM.Server.CallProxy\BlazeGames.IM.Server.CallProxy.csproj", "{1EB3E087-6BF4-4618-BAFB-9505F39F9D74}"
EndProject
Project("{FAE04EC0-301F-11D3-BF4B-00C04F79EFBC}") = "BlazeGames.IM.Client.WeatherPlugin", "BlazeGames.IM.Client.WeatherPlugin\BlazeGames.IM.Client.WeatherPlugin.csproj", "{A1CAC501-B274-44E4-AD9A-10C01D84BD1C}"
EndProject
Project("{2150E333-8FDC-42A3-9474-1A3956D46DE8}") = "ProxySocket", "ProxySocket", "{D09F5998-7DEA-4AFF-ADFF-C169DF7D7984}"
	ProjectSection(SolutionItems) = preProject
		Shared\BlazeGames.Networking\ProxySocket\AuthMethod.cs = Shared\BlazeGames.Networking\ProxySocket\AuthMethod.cs
		Shared\BlazeGames.Networking\ProxySocket\AuthNone.cs = Shared\BlazeGames.Networking\ProxySocket\AuthNone.cs
		Shared\BlazeGames.Networking\ProxySocket\AuthUserPass.cs = Shared\BlazeGames.Networking\ProxySocket\AuthUserPass.cs
		Shared\BlazeGames.Networking\ProxySocket\IAsyncProxyResult.cs = Shared\BlazeGames.Networking\ProxySocket\IAsyncProxyResult.cs
		Shared\BlazeGames.Networking\ProxySocket\ProxyException.cs = Shared\BlazeGames.Networking\ProxySocket\ProxyException.cs
		Shared\BlazeGames.Networking\ProxySocket\ProxySocket.cs = Shared\BlazeGames.Networking\ProxySocket\ProxySocket.cs
		Shared\BlazeGames.Networking\ProxySocket\Socks4Handler.cs = Shared\BlazeGames.Networking\ProxySocket\Socks4Handler.cs
		Shared\BlazeGames.Networking\ProxySocket\Socks5Handler.cs = Shared\BlazeGames.Networking\ProxySocket\Socks5Handler.cs
		Shared\BlazeGames.Networking\ProxySocket\SocksHandler.cs = Shared\BlazeGames.Networking\ProxySocket\SocksHandler.cs
	EndProjectSection
EndProject
Global
	GlobalSection(SolutionConfigurationPlatforms) = preSolution
		Debug|Any CPU = Debug|Any CPU
		Debug|ARM = Debug|ARM
		Debug|Mixed Platforms = Debug|Mixed Platforms
		Debug|x64 = Debug|x64
		Debug|x86 = Debug|x86
		Release|Any CPU = Release|Any CPU
		Release|ARM = Release|ARM
		Release|Mixed Platforms = Release|Mixed Platforms
		Release|x64 = Release|x64
		Release|x86 = Release|x86
	EndGlobalSection
	GlobalSection(ProjectConfigurationPlatforms) = postSolution
		{BBFE90B2-431C-4977-A1EB-8D2749F885F9}.Debug|Any CPU.ActiveCfg = Debug|x86
		{BBFE90B2-431C-4977-A1EB-8D2749F885F9}.Debug|ARM.ActiveCfg = Debug|x86
		{BBFE90B2-431C-4977-A1EB-8D2749F885F9}.Debug|Mixed Platforms.ActiveCfg = Debug|x86
		{BBFE90B2-431C-4977-A1EB-8D2749F885F9}.Debug|Mixed Platforms.Build.0 = Debug|x86
		{BBFE90B2-431C-4977-A1EB-8D2749F885F9}.Debug|x64.ActiveCfg = Debug|x86
		{BBFE90B2-431C-4977-A1EB-8D2749F885F9}.Debug|x86.ActiveCfg = Debug|x86
		{BBFE90B2-431C-4977-A1EB-8D2749F885F9}.Debug|x86.Build.0 = Debug|x86
		{BBFE90B2-431C-4977-A1EB-8D2749F885F9}.Release|Any CPU.ActiveCfg = Release|x86
		{BBFE90B2-431C-4977-A1EB-8D2749F885F9}.Release|ARM.ActiveCfg = Release|x86
		{BBFE90B2-431C-4977-A1EB-8D2749F885F9}.Release|Mixed Platforms.ActiveCfg = Release|x86
		{BBFE90B2-431C-4977-A1EB-8D2749F885F9}.Release|Mixed Platforms.Build.0 = Release|x86
		{BBFE90B2-431C-4977-A1EB-8D2749F885F9}.Release|x64.ActiveCfg = Release|x86
		{BBFE90B2-431C-4977-A1EB-8D2749F885F9}.Release|x86.ActiveCfg = Release|x86
		{BBFE90B2-431C-4977-A1EB-8D2749F885F9}.Release|x86.Build.0 = Release|x86
		{427ACE16-2913-4820-9DCE-3B9B1DFACD2D}.Debug|Any CPU.ActiveCfg = Debug|Any CPU
		{427ACE16-2913-4820-9DCE-3B9B1DFACD2D}.Debug|Any CPU.Build.0 = Debug|Any CPU
		{427ACE16-2913-4820-9DCE-3B9B1DFACD2D}.Debug|ARM.ActiveCfg = Debug|Any CPU
		{427ACE16-2913-4820-9DCE-3B9B1DFACD2D}.Debug|Mixed Platforms.ActiveCfg = Debug|Any CPU
		{427ACE16-2913-4820-9DCE-3B9B1DFACD2D}.Debug|Mixed Platforms.Build.0 = Debug|Any CPU
		{427ACE16-2913-4820-9DCE-3B9B1DFACD2D}.Debug|x64.ActiveCfg = Debug|Any CPU
		{427ACE16-2913-4820-9DCE-3B9B1DFACD2D}.Debug|x86.ActiveCfg = Debug|Any CPU
		{427ACE16-2913-4820-9DCE-3B9B1DFACD2D}.Release|Any CPU.ActiveCfg = Release|Any CPU
		{427ACE16-2913-4820-9DCE-3B9B1DFACD2D}.Release|Any CPU.Build.0 = Release|Any CPU
		{427ACE16-2913-4820-9DCE-3B9B1DFACD2D}.Release|ARM.ActiveCfg = Release|Any CPU
		{427ACE16-2913-4820-9DCE-3B9B1DFACD2D}.Release|Mixed Platforms.ActiveCfg = Release|Any CPU
		{427ACE16-2913-4820-9DCE-3B9B1DFACD2D}.Release|Mixed Platforms.Build.0 = Release|Any CPU
		{427ACE16-2913-4820-9DCE-3B9B1DFACD2D}.Release|x64.ActiveCfg = Release|Any CPU
		{427ACE16-2913-4820-9DCE-3B9B1DFACD2D}.Release|x86.ActiveCfg = Release|Any CPU
		{1CC17995-FFDE-4EA1-9E8B-6091B11797B3}.Debug|Any CPU.ActiveCfg = Debug|Any CPU
		{1CC17995-FFDE-4EA1-9E8B-6091B11797B3}.Debug|Any CPU.Build.0 = Debug|Any CPU
		{1CC17995-FFDE-4EA1-9E8B-6091B11797B3}.Debug|Any CPU.Deploy.0 = Debug|Any CPU
		{1CC17995-FFDE-4EA1-9E8B-6091B11797B3}.Debug|ARM.ActiveCfg = Debug|ARM
		{1CC17995-FFDE-4EA1-9E8B-6091B11797B3}.Debug|ARM.Build.0 = Debug|ARM
		{1CC17995-FFDE-4EA1-9E8B-6091B11797B3}.Debug|ARM.Deploy.0 = Debug|ARM
		{1CC17995-FFDE-4EA1-9E8B-6091B11797B3}.Debug|Mixed Platforms.ActiveCfg = Debug|x86
		{1CC17995-FFDE-4EA1-9E8B-6091B11797B3}.Debug|Mixed Platforms.Build.0 = Debug|x86
		{1CC17995-FFDE-4EA1-9E8B-6091B11797B3}.Debug|Mixed Platforms.Deploy.0 = Debug|x86
		{1CC17995-FFDE-4EA1-9E8B-6091B11797B3}.Debug|x64.ActiveCfg = Debug|x64
		{1CC17995-FFDE-4EA1-9E8B-6091B11797B3}.Debug|x64.Build.0 = Debug|x64
		{1CC17995-FFDE-4EA1-9E8B-6091B11797B3}.Debug|x64.Deploy.0 = Debug|x64
		{1CC17995-FFDE-4EA1-9E8B-6091B11797B3}.Debug|x86.ActiveCfg = Debug|x86
		{1CC17995-FFDE-4EA1-9E8B-6091B11797B3}.Debug|x86.Build.0 = Debug|x86
		{1CC17995-FFDE-4EA1-9E8B-6091B11797B3}.Debug|x86.Deploy.0 = Debug|x86
		{1CC17995-FFDE-4EA1-9E8B-6091B11797B3}.Release|Any CPU.ActiveCfg = Release|Any CPU
		{1CC17995-FFDE-4EA1-9E8B-6091B11797B3}.Release|Any CPU.Build.0 = Release|Any CPU
		{1CC17995-FFDE-4EA1-9E8B-6091B11797B3}.Release|Any CPU.Deploy.0 = Release|Any CPU
		{1CC17995-FFDE-4EA1-9E8B-6091B11797B3}.Release|ARM.ActiveCfg = Release|ARM
		{1CC17995-FFDE-4EA1-9E8B-6091B11797B3}.Release|ARM.Build.0 = Release|ARM
		{1CC17995-FFDE-4EA1-9E8B-6091B11797B3}.Release|ARM.Deploy.0 = Release|ARM
		{1CC17995-FFDE-4EA1-9E8B-6091B11797B3}.Release|Mixed Platforms.ActiveCfg = Release|x86
		{1CC17995-FFDE-4EA1-9E8B-6091B11797B3}.Release|Mixed Platforms.Build.0 = Release|x86
		{1CC17995-FFDE-4EA1-9E8B-6091B11797B3}.Release|Mixed Platforms.Deploy.0 = Release|x86
		{1CC17995-FFDE-4EA1-9E8B-6091B11797B3}.Release|x64.ActiveCfg = Release|x64
		{1CC17995-FFDE-4EA1-9E8B-6091B11797B3}.Release|x64.Build.0 = Release|x64
		{1CC17995-FFDE-4EA1-9E8B-6091B11797B3}.Release|x64.Deploy.0 = Release|x64
		{1CC17995-FFDE-4EA1-9E8B-6091B11797B3}.Release|x86.ActiveCfg = Release|x86
		{1CC17995-FFDE-4EA1-9E8B-6091B11797B3}.Release|x86.Build.0 = Release|x86
		{1CC17995-FFDE-4EA1-9E8B-6091B11797B3}.Release|x86.Deploy.0 = Release|x86
		{1EB3E087-6BF4-4618-BAFB-9505F39F9D74}.Debug|Any CPU.ActiveCfg = Debug|Any CPU
		{1EB3E087-6BF4-4618-BAFB-9505F39F9D74}.Debug|Any CPU.Build.0 = Debug|Any CPU
		{1EB3E087-6BF4-4618-BAFB-9505F39F9D74}.Debug|ARM.ActiveCfg = Debug|Any CPU
		{1EB3E087-6BF4-4618-BAFB-9505F39F9D74}.Debug|Mixed Platforms.ActiveCfg = Debug|Any CPU
		{1EB3E087-6BF4-4618-BAFB-9505F39F9D74}.Debug|Mixed Platforms.Build.0 = Debug|Any CPU
		{1EB3E087-6BF4-4618-BAFB-9505F39F9D74}.Debug|x64.ActiveCfg = Debug|Any CPU
		{1EB3E087-6BF4-4618-BAFB-9505F39F9D74}.Debug|x86.ActiveCfg = Debug|Any CPU
		{1EB3E087-6BF4-4618-BAFB-9505F39F9D74}.Release|Any CPU.ActiveCfg = Release|Any CPU
		{1EB3E087-6BF4-4618-BAFB-9505F39F9D74}.Release|Any CPU.Build.0 = Release|Any CPU
		{1EB3E087-6BF4-4618-BAFB-9505F39F9D74}.Release|ARM.ActiveCfg = Release|Any CPU
		{1EB3E087-6BF4-4618-BAFB-9505F39F9D74}.Release|Mixed Platforms.ActiveCfg = Release|Any CPU
		{1EB3E087-6BF4-4618-BAFB-9505F39F9D74}.Release|Mixed Platforms.Build.0 = Release|Any CPU
		{1EB3E087-6BF4-4618-BAFB-9505F39F9D74}.Release|x64.ActiveCfg = Release|Any CPU
		{1EB3E087-6BF4-4618-BAFB-9505F39F9D74}.Release|x86.ActiveCfg = Release|Any CPU
		{A1CAC501-B274-44E4-AD9A-10C01D84BD1C}.Debug|Any CPU.ActiveCfg = Debug|Any CPU
		{A1CAC501-B274-44E4-AD9A-10C01D84BD1C}.Debug|Any CPU.Build.0 = Debug|Any CPU
		{A1CAC501-B274-44E4-AD9A-10C01D84BD1C}.Debug|ARM.ActiveCfg = Debug|Any CPU
		{A1CAC501-B274-44E4-AD9A-10C01D84BD1C}.Debug|Mixed Platforms.ActiveCfg = Debug|Any CPU
		{A1CAC501-B274-44E4-AD9A-10C01D84BD1C}.Debug|Mixed Platforms.Build.0 = Debug|Any CPU
		{A1CAC501-B274-44E4-AD9A-10C01D84BD1C}.Debug|x64.ActiveCfg = Debug|Any CPU
		{A1CAC501-B274-44E4-AD9A-10C01D84BD1C}.Debug|x86.ActiveCfg = Debug|Any CPU
		{A1CAC501-B274-44E4-AD9A-10C01D84BD1C}.Release|Any CPU.ActiveCfg = Release|Any CPU
		{A1CAC501-B274-44E4-AD9A-10C01D84BD1C}.Release|Any CPU.Build.0 = Release|Any CPU
		{A1CAC501-B274-44E4-AD9A-10C01D84BD1C}.Release|ARM.ActiveCfg = Release|Any CPU
		{A1CAC501-B274-44E4-AD9A-10C01D84BD1C}.Release|Mixed Platforms.ActiveCfg = Release|Any CPU
		{A1CAC501-B274-44E4-AD9A-10C01D84BD1C}.Release|Mixed Platforms.Build.0 = Release|Any CPU
		{A1CAC501-B274-44E4-AD9A-10C01D84BD1C}.Release|x64.ActiveCfg = Release|Any CPU
		{A1CAC501-B274-44E4-AD9A-10C01D84BD1C}.Release|x86.ActiveCfg = Release|Any CPU
	EndGlobalSection
	GlobalSection(SolutionProperties) = preSolution
		HideSolutionNode = FALSE
	EndGlobalSection
	GlobalSection(NestedProjects) = preSolution
		{F6A04503-81C0-4F18-8CB8-B36E19554E19} = {F08198DA-EB98-4A4B-A160-DEBB54E92692}
		{D09F5998-7DEA-4AFF-ADFF-C169DF7D7984} = {F6A04503-81C0-4F18-8CB8-B36E19554E19}
	EndGlobalSection
EndGlobal
